
Microsoft Visual Studio Solution File, Format Version 12.00
# Visual Studio Version 16
VisualStudioVersion = 16.0.31624.102
MinimumVisualStudioVersion = 10.0.40219.1
Project("{FAE04EC0-301F-11D3-BF4B-00C04F79EFBC}") = "LabWeek2 (Graded Assignment)", "LabWeek2 (Graded Assignment)\LabWeek2 (Graded Assignment).csproj", "{43DCDFFB-243B-4BDF-A068-2A67754D5FAB}"
EndProject
Global
	GlobalSection(SolutionConfigurationPlatforms) = preSolution
		Debug|Any CPU = Debug|Any CPU
		Release|Any CPU = Release|Any CPU
	EndGlobalSection
	GlobalSection(ProjectConfigurationPlatforms) = postSolution
		{43DCDFFB-243B-4BDF-A068-2A67754D5FAB}.Debug|Any CPU.ActiveCfg = Debug|Any CPU
		{43DCDFFB-243B-4BDF-A068-2A67754D5FAB}.Debug|Any CPU.Build.0 = Debug|Any CPU
		{43DCDFFB-243B-4BDF-A068-2A67754D5FAB}.Release|Any CPU.ActiveCfg = Release|Any CPU
		{43DCDFFB-243B-4BDF-A068-2A67754D5FAB}.Release|Any CPU.Build.0 = Release|Any CPU
	EndGlobalSection
	GlobalSection(SolutionProperties) = preSolution
		HideSolutionNode = FALSE
	EndGlobalSection
	GlobalSection(ExtensibilityGlobals) = postSolution
		SolutionGuid = {60BF0E92-443C-47D6-9F68-33805ED90865}
	EndGlobalSection
EndGlobal
